// !$*UTF8*$!
{
	archiveVersion = 1;
	classes = {
	};
	objectVersion = 55;
	objects = {

/* Begin PBXBuildFile section */
		84FB93192A58E67F008BD6BD /* AppDelegate.swift in Sources */ = {isa = PBXBuildFile; fileRef = 84FB93182A58E67F008BD6BD /* AppDelegate.swift */; };
		84FB931B2A58E67F008BD6BD /* SceneDelegate.swift in Sources */ = {isa = PBXBuildFile; fileRef = 84FB931A2A58E67F008BD6BD /* SceneDelegate.swift */; };
		84FB931D2A58E67F008BD6BD /* ViewController.swift in Sources */ = {isa = PBXBuildFile; fileRef = 84FB931C2A58E67F008BD6BD /* ViewController.swift */; };
		84FB93202A58E67F008BD6BD /* Main.storyboard in Resources */ = {isa = PBXBuildFile; fileRef = 84FB931E2A58E67F008BD6BD /* Main.storyboard */; };
		84FB93222A58E682008BD6BD /* Assets.xcassets in Resources */ = {isa = PBXBuildFile; fileRef = 84FB93212A58E682008BD6BD /* Assets.xcassets */; };
		84FB93252A58E682008BD6BD /* LaunchScreen.storyboard in Resources */ = {isa = PBXBuildFile; fileRef = 84FB93232A58E682008BD6BD /* LaunchScreen.storyboard */; };
		D80BDA698FA1E7E978CBB769 /* Pods_CocoaaPodsApp.framework in Frameworks */ = {isa = PBXBuildFile; fileRef = A2461D305770A6BE6DD097E3 /* Pods_CocoaaPodsApp.framework */; };
/* End PBXBuildFile section */

/* Begin PBXFileReference section */
		36AD4DE4C1913A9021BA04E4 /* Pods-CocoaaPodsApp.release.xcconfig */ = {isa = PBXFileReference; includeInIndex = 1; lastKnownFileType = text.xcconfig; name = "Pods-CocoaaPodsApp.release.xcconfig"; path = "Target Support Files/Pods-CocoaaPodsApp/Pods-CocoaaPodsApp.release.xcconfig"; sourceTree = "<group>"; };
		84FB93152A58E67F008BD6BD /* CocoaaPodsApp.app */ = {isa = PBXFileReference; explicitFileType = wrapper.application; includeInIndex = 0; path = CocoaaPodsApp.app; sourceTree = BUILT_PRODUCTS_DIR; };
		84FB93182A58E67F008BD6BD /* AppDelegate.swift */ = {isa = PBXFileReference; lastKnownFileType = sourcecode.swift; path = AppDelegate.swift; sourceTree = "<group>"; };
		84FB931A2A58E67F008BD6BD /* SceneDelegate.swift */ = {isa = PBXFileReference; lastKnownFileType = sourcecode.swift; path = SceneDelegate.swift; sourceTree = "<group>"; };
		84FB931C2A58E67F008BD6BD /* ViewController.swift */ = {isa = PBXFileReference; lastKnownFileType = sourcecode.swift; path = ViewController.swift; sourceTree = "<group>"; };
		84FB931F2A58E67F008BD6BD /* Base */ = {isa = PBXFileReference; lastKnownFileType = file.storyboard; name = Base; path = Base.lproj/Main.storyboard; sourceTree = "<group>"; };
		84FB93212A58E682008BD6BD /* Assets.xcassets */ = {isa = PBXFileReference; lastKnownFileType = folder.assetcatalog; path = Assets.xcassets; sourceTree = "<group>"; };
		84FB93242A58E682008BD6BD /* Base */ = {isa = PBXFileReference; lastKnownFileType = file.storyboard; name = Base; path = Base.lproj/LaunchScreen.storyboard; sourceTree = "<group>"; };
		84FB93262A58E682008BD6BD /* Info.plist */ = {isa = PBXFileReference; lastKnownFileType = text.plist.xml; path = Info.plist; sourceTree = "<group>"; };
		A2461D305770A6BE6DD097E3 /* Pods_CocoaaPodsApp.framework */ = {isa = PBXFileReference; explicitFileType = wrapper.framework; includeInIndex = 0; path = Pods_CocoaaPodsApp.framework; sourceTree = BUILT_PRODUCTS_DIR; };
		BE00A65F2027F066F6938228 /* Pods-CocoaaPodsApp.debug.xcconfig */ = {isa = PBXFileReference; includeInIndex = 1; lastKnownFileType = text.xcconfig; name = "Pods-CocoaaPodsApp.debug.xcconfig"; path = "Target Support Files/Pods-CocoaaPodsApp/Pods-CocoaaPodsApp.debug.xcconfig"; sourceTree = "<group>"; };
/* End PBXFileReference section */

/* Begin PBXFrameworksBuildPhase section */
		84FB93122A58E67F008BD6BD /* Frameworks */ = {
			isa = PBXFrameworksBuildPhase;
			buildActionMask = 2147483647;
			files = (
				D80BDA698FA1E7E978CBB769 /* Pods_CocoaaPodsApp.framework in Frameworks */,
			);
			runOnlyForDeploymentPostprocessing = 0;
		};
/* End PBXFrameworksBuildPhase section */

/* Begin PBXGroup section */
		5EFE0ADEA06391E4BA314360 /* Pods */ = {
			isa = PBXGroup;
			children = (
				BE00A65F2027F066F6938228 /* Pods-CocoaaPodsApp.debug.xcconfig */,
				36AD4DE4C1913A9021BA04E4 /* Pods-CocoaaPodsApp.release.xcconfig */,
			);
			name = Pods;
			path = Pods;
			sourceTree = "<group>";
		};
		84FB930C2A58E67F008BD6BD = {
			isa = PBXGroup;
			children = (
				84FB93172A58E67F008BD6BD /* CocoaaPodsApp */,
				84FB93162A58E67F008BD6BD /* Products */,
				5EFE0ADEA06391E4BA314360 /* Pods */,
				DB9E9770E048731EB7987096 /* Frameworks */,
			);
			sourceTree = "<group>";
		};
		84FB93162A58E67F008BD6BD /* Products */ = {
			isa = PBXGroup;
			children = (
				84FB93152A58E67F008BD6BD /* CocoaaPodsApp.app */,
			);
			name = Products;
			sourceTree = "<group>";
		};
		84FB93172A58E67F008BD6BD /* CocoaaPodsApp */ = {
			isa = PBXGroup;
			children = (
				84FB93182A58E67F008BD6BD /* AppDelegate.swift */,
				84FB931A2A58E67F008BD6BD /* SceneDelegate.swift */,
				84FB931C2A58E67F008BD6BD /* ViewController.swift */,
				84FB931E2A58E67F008BD6BD /* Main.storyboard */,
				84FB93212A58E682008BD6BD /* Assets.xcassets */,
				84FB93232A58E682008BD6BD /* LaunchScreen.storyboard */,
				84FB93262A58E682008BD6BD /* Info.plist */,
			);
			path = CocoaaPodsApp;
			sourceTree = "<group>";
		};
		DB9E9770E048731EB7987096 /* Frameworks */ = {
			isa = PBXGroup;
			children = (
				A2461D305770A6BE6DD097E3 /* Pods_CocoaaPodsApp.framework */,
			);
			name = Frameworks;
			sourceTree = "<group>";
		};
/* End PBXGroup section */

/* Begin PBXNativeTarget section */
		84FB93142A58E67F008BD6BD /* CocoaaPodsApp */ = {
			isa = PBXNativeTarget;
			buildConfigurationList = 84FB93292A58E682008BD6BD /* Build configuration list for PBXNativeTarget "CocoaaPodsApp" */;
			buildPhases = (
				6F8CEE6EDE73C40565E913A4 /* [CP] Check Pods Manifest.lock */,
				84FB93112A58E67F008BD6BD /* Sources */,
				84FB93122A58E67F008BD6BD /* Frameworks */,
				84FB93132A58E67F008BD6BD /* Resources */,
				AD889F00D654942338D73CDF /* [CP] Embed Pods Frameworks */,
			);
			buildRules = (
			);
			dependencies = (
			);
			name = CocoaaPodsApp;
			productName = CocoaaPodsApp;
			productReference = 84FB93152A58E67F008BD6BD /* CocoaaPodsApp.app */;
			productType = "com.apple.product-type.application";
		};
/* End PBXNativeTarget section */

/* Begin PBXProject section */
		84FB930D2A58E67F008BD6BD /* Project object */ = {
			isa = PBXProject;
			attributes = {
				BuildIndependentTargetsInParallel = 1;
				LastSwiftUpdateCheck = 1320;
				LastUpgradeCheck = 1320;
				TargetAttributes = {
					84FB93142A58E67F008BD6BD = {
						CreatedOnToolsVersion = 13.2.1;
					};
				};
			};
			buildConfigurationList = 84FB93102A58E67F008BD6BD /* Build configuration list for PBXProject "CocoaaPodsApp" */;
			compatibilityVersion = "Xcode 13.0";
			developmentRegion = en;
			hasScannedForEncodings = 0;
			knownRegions = (
				en,
				Base,
			);
			mainGroup = 84FB930C2A58E67F008BD6BD;
			productRefGroup = 84FB93162A58E67F008BD6BD /* Products */;
			projectDirPath = "";
			projectRoot = "";
			targets = (
				84FB93142A58E67F008BD6BD /* CocoaaPodsApp */,
			);
		};
/* End PBXProject section */

/* Begin PBXResourcesBuildPhase section */
		84FB93132A58E67F008BD6BD /* Resources */ = {
			isa = PBXResourcesBuildPhase;
			buildActionMask = 2147483647;
			files = (
				84FB93252A58E682008BD6BD /* LaunchScreen.storyboard in Resources */,
				84FB93222A58E682008BD6BD /* Assets.xcassets in Resources */,
				84FB93202A58E67F008BD6BD /* Main.storyboard in Resources */,
			);
			runOnlyForDeploymentPostprocessing = 0;
		};
/* End PBXResourcesBuildPhase section */

/* Begin PBXShellScriptBuildPhase section */
		6F8CEE6EDE73C40565E913A4 /* [CP] Check Pods Manifest.lock */ = {
			isa = PBXShellScriptBuildPhase;
			buildActionMask = 2147483647;
			files = (
			);
			inputFileListPaths = (
			);
			inputPaths = (
				"${PODS_PODFILE_DIR_PATH}/Podfile.lock",
				"${PODS_ROOT}/Manifest.lock",
			);
			name = "[CP] Check Pods Manifest.lock";
			outputFileListPaths = (
			);
			outputPaths = (
				"$(DERIVED_FILE_DIR)/Pods-CocoaaPodsApp-checkManifestLockResult.txt",
			);
			runOnlyForDeploymentPostprocessing = 0;
			shellPath = /bin/sh;
			shellScript = "diff \"${PODS_PODFILE_DIR_PATH}/Podfile.lock\" \"${PODS_ROOT}/Manifest.lock\" > /dev/null\nif [ $? != 0 ] ; then\n    # print error to STDERR\n    echo \"error: The sandbox is not in sync with the Podfile.lock. Run 'pod install' or update your CocoaPods installation.\" >&2\n    exit 1\nfi\n# This output is used by Xcode 'outputs' to avoid re-running this script phase.\necho \"SUCCESS\" > \"${SCRIPT_OUTPUT_FILE_0}\"\n";
			showEnvVarsInLog = 0;
		};
		AD889F00D654942338D73CDF /* [CP] Embed Pods Frameworks */ = {
			isa = PBXShellScriptBuildPhase;
			buildActionMask = 2147483647;
			files = (
			);
			inputFileListPaths = (
				"${PODS_ROOT}/Target Support Files/Pods-CocoaaPodsApp/Pods-CocoaaPodsApp-frameworks-${CONFIGURATION}-input-files.xcfilelist",
			);
			name = "[CP] Embed Pods Frameworks";
			outputFileListPaths = (
				"${PODS_ROOT}/Target Support Files/Pods-CocoaaPodsApp/Pods-CocoaaPodsApp-frameworks-${CONFIGURATION}-output-files.xcfilelist",
			);
			runOnlyForDeploymentPostprocessing = 0;
			shellPath = /bin/sh;
			shellScript = "\"${PODS_ROOT}/Target Support Files/Pods-CocoaaPodsApp/Pods-CocoaaPodsApp-frameworks.sh\"\n";
			showEnvVarsInLog = 0;
		};
/* End PBXShellScriptBuildPhase section */

/* Begin PBXSourcesBuildPhase section */
		84FB93112A58E67F008BD6BD /* Sources */ = {
			isa = PBXSourcesBuildPhase;
			buildActionMask = 2147483647;
			files = (
				84FB931D2A58E67F008BD6BD /* ViewController.swift in Sources */,
				84FB93192A58E67F008BD6BD /* AppDelegate.swift in Sources */,
				84FB931B2A58E67F008BD6BD /* SceneDelegate.swift in Sources */,
			);
			runOnlyForDeploymentPostprocessing = 0;
		};
/* End PBXSourcesBuildPhase section */

/* Begin PBXVariantGroup section */
		84FB931E2A58E67F008BD6BD /* Main.storyboard */ = {
			isa = PBXVariantGroup;
			children = (
				84FB931F2A58E67F008BD6BD /* Base */,
			);
			name = Main.storyboard;
			sourceTree = "<group>";
		};
		84FB93232A58E682008BD6BD /* LaunchScreen.storyboard */ = {
			isa = PBXVariantGroup;
			children = (
				84FB93242A58E682008BD6BD /* Base */,
			);
			name = LaunchScreen.storyboard;
			sourceTree = "<group>";
		};
/* End PBXVariantGroup section */

/* Begin XCBuildConfiguration section */
		84FB93272A58E682008BD6BD /* Debug */ = {
			isa = XCBuildConfiguration;
			buildSettings = {
				ALWAYS_SEARCH_USER_PATHS = NO;
				CLANG_ANALYZER_NONNULL = YES;
				CLANG_ANALYZER_NUMBER_OBJECT_CONVERSION = YES_AGGRESSIVE;
				CLANG_CXX_LANGUAGE_STANDARD = "gnu++17";
				CLANG_CXX_LIBRARY = "libc++";
				CLANG_ENABLE_MODULES = YES;
				CLANG_ENABLE_OBJC_ARC = YES;
				CLANG_ENABLE_OBJC_WEAK = YES;
				CLANG_WARN_BLOCK_CAPTURE_AUTORELEASING = YES;
				CLANG_WARN_BOOL_CONVERSION = YES;
				CLANG_WARN_COMMA = YES;
				CLANG_WARN_CONSTANT_CONVERSION = YES;
				CLANG_WARN_DEPRECATED_OBJC_IMPLEMENTATIONS = YES;
				CLANG_WARN_DIRECT_OBJC_ISA_USAGE = YES_ERROR;
				CLANG_WARN_DOCUMENTATION_COMMENTS = YES;
				CLANG_WARN_EMPTY_BODY = YES;
				CLANG_WARN_ENUM_CONVERSION = YES;
				CLANG_WARN_INFINITE_RECURSION = YES;
				CLANG_WARN_INT_CONVERSION = YES;
				CLANG_WARN_NON_LITERAL_NULL_CONVERSION = YES;
				CLANG_WARN_OBJC_IMPLICIT_RETAIN_SELF = YES;
				CLANG_WARN_OBJC_LITERAL_CONVERSION = YES;
				CLANG_WARN_OBJC_ROOT_CLASS = YES_ERROR;
				CLANG_WARN_QUOTED_INCLUDE_IN_FRAMEWORK_HEADER = YES;
				CLANG_WARN_RANGE_LOOP_ANALYSIS = YES;
				CLANG_WARN_STRICT_PROTOTYPES = YES;
				CLANG_WARN_SUSPICIOUS_MOVE = YES;
				CLANG_WARN_UNGUARDED_AVAILABILITY = YES_AGGRESSIVE;
				CLANG_WARN_UNREACHABLE_CODE = YES;
				CLANG_WARN__DUPLICATE_METHOD_MATCH = YES;
				COPY_PHASE_STRIP = NO;
				DEBUG_INFORMATION_FORMAT = dwarf;
				ENABLE_STRICT_OBJC_MSGSEND = YES;
				ENABLE_TESTABILITY = YES;
				GCC_C_LANGUAGE_STANDARD = gnu11;
				GCC_DYNAMIC_NO_PIC = NO;
				GCC_NO_COMMON_BLOCKS = YES;
				GCC_OPTIMIZATION_LEVEL = 0;
				GCC_PREPROCESSOR_DEFINITIONS = (
					"DEBUG=1",
					"$(inherited)",
				);
				GCC_WARN_64_TO_32_BIT_CONVERSION = YES;
				GCC_WARN_ABOUT_RETURN_TYPE = YES_ERROR;
				GCC_WARN_UNDECLARED_SELECTOR = YES;
				GCC_WARN_UNINITIALIZED_AUTOS = YES_AGGRESSIVE;
				GCC_WARN_UNUSED_FUNCTION = YES;
				GCC_WARN_UNUSED_VARIABLE = YES;
				IPHONEOS_DEPLOYMENT_TARGET = 15.2;
				MTL_ENABLE_DEBUG_INFO = INCLUDE_SOURCE;
				MTL_FAST_MATH = YES;
				ONLY_ACTIVE_ARCH = YES;
				SDKROOT = iphoneos;
				SWIFT_ACTIVE_COMPILATION_CONDITIONS = DEBUG;
				SWIFT_OPTIMIZATION_LEVEL = "-Onone";
			};
			name = Debug;
		};
		84FB93282A58E682008BD6BD /* Release */ = {
			isa = XCBuildConfiguration;
			buildSettings = {
				ALWAYS_SEARCH_USER_PATHS = NO;
				CLANG_ANALYZER_NONNULL = YES;
				CLANG_ANALYZER_NUMBER_OBJECT_CONVERSION = YES_AGGRESSIVE;
				CLANG_CXX_LANGUAGE_STANDARD = "gnu++17";
				CLANG_CXX_LIBRARY = "libc++";
				CLANG_ENABLE_MODULES = YES;
				CLANG_ENABLE_OBJC_ARC = YES;
				CLANG_ENABLE_OBJC_WEAK = YES;
				CLANG_WARN_BLOCK_CAPTURE_AUTORELEASING = YES;
				CLANG_WARN_BOOL_CONVERSION = YES;
				CLANG_WARN_COMMA = YES;
				CLANG_WARN_CONSTANT_CONVERSION = YES;
				CLANG_WARN_DEPRECATED_OBJC_IMPLEMENTATIONS = YES;
				CLANG_WARN_DIRECT_OBJC_ISA_USAGE = YES_ERROR;
				CLANG_WARN_DOCUMENTATION_COMMENTS = YES;
				CLANG_WARN_EMPTY_BODY = YES;
				CLANG_WARN_ENUM_CONVERSION = YES;
				CLANG_WARN_INFINITE_RECURSION = YES;
				CLANG_WARN_INT_CONVERSION = YES;
				CLANG_WARN_NON_LITERAL_NULL_CONVERSION = YES;
				CLANG_WARN_OBJC_IMPLICIT_RETAIN_SELF = YES;
				CLANG_WARN_OBJC_LITERAL_CONVERSION = YES;
				CLANG_WARN_OBJC_ROOT_CLASS = YES_ERROR;
				CLANG_WARN_QUOTED_INCLUDE_IN_FRAMEWORK_HEADER = YES;
				CLANG_WARN_RANGE_LOOP_ANALYSIS = YES;
				CLANG_WARN_STRICT_PROTOTYPES = YES;
				CLANG_WARN_SUSPICIOUS_MOVE = YES;
				CLANG_WARN_UNGUARDED_AVAILABILITY = YES_AGGRESSIVE;
				CLANG_WARN_UNREACHABLE_CODE = YES;
				CLANG_WARN__DUPLICATE_METHOD_MATCH = YES;
				COPY_PHASE_STRIP = NO;
				DEBUG_INFORMATION_FORMAT = "dwarf-with-dsym";
				ENABLE_NS_ASSERTIONS = NO;
				ENABLE_STRICT_OBJC_MSGSEND = YES;
				GCC_C_LANGUAGE_STANDARD = gnu11;
				GCC_NO_COMMON_BLOCKS = YES;
				GCC_WARN_64_TO_32_BIT_CONVERSION = YES;
				GCC_WARN_ABOUT_RETURN_TYPE = YES_ERROR;
				GCC_WARN_UNDECLARED_SELECTOR = YES;
				GCC_WARN_UNINITIALIZED_AUTOS = YES_AGGRESSIVE;
				GCC_WARN_UNUSED_FUNCTION = YES;
				GCC_WARN_UNUSED_VARIABLE = YES;
				IPHONEOS_DEPLOYMENT_TARGET = 15.2;
				MTL_ENABLE_DEBUG_INFO = NO;
				MTL_FAST_MATH = YES;
				SDKROOT = iphoneos;
				SWIFT_COMPILATION_MODE = wholemodule;
				SWIFT_OPTIMIZATION_LEVEL = "-O";
				VALIDATE_PRODUCT = YES;
			};
			name = Release;
		};
		84FB932A2A58E682008BD6BD /* Debug */ = {
			isa = XCBuildConfiguration;
			baseConfigurationReference = BE00A65F2027F066F6938228 /* Pods-CocoaaPodsApp.debug.xcconfig */;
			buildSettings = {
				ASSETCATALOG_COMPILER_APPICON_NAME = AppIcon;
				ASSETCATALOG_COMPILER_GLOBAL_ACCENT_COLOR_NAME = AccentColor;
				CODE_SIGN_STYLE = Automatic;
				CURRENT_PROJECT_VERSION = 1;
				GENERATE_INFOPLIST_FILE = YES;
				INFOPLIST_FILE = CocoaaPodsApp/Info.plist;
				INFOPLIST_KEY_UIApplicationSupportsIndirectInputEvents = YES;
				INFOPLIST_KEY_UILaunchStoryboardName = LaunchScreen;
				INFOPLIST_KEY_UIMainStoryboardFile = Main;
				INFOPLIST_KEY_UISupportedInterfaceOrientations_iPad = "UIInterfaceOrientationPortrait UIInterfaceOrientationPortraitUpsideDown UIInterfaceOrientationLandscapeLeft UIInterfaceOrientationLandscapeRight";
				INFOPLIST_KEY_UISupportedInterfaceOrientations_iPhone = "UIInterfaceOrientationPortrait UIInterfaceOrientationLandscapeLeft UIInterfaceOrientationLandscapeRight";
				LD_RUNPATH_SEARCH_PATHS = (
					"$(inherited)",
					"@executable_path/Frameworks",
				);
				MARKETING_VERSION = 1.0;
				PRODUCT_BUNDLE_IDENTIFIER = com.Elkomey.CocoaaPodsApp;
				PRODUCT_NAME = "$(TARGET_NAME)";
				SWIFT_EMIT_LOC_STRINGS = YES;
				SWIFT_VERSION = 5.0;
				TARGETED_DEVICE_FAMILY = "1,2";
			};
			name = Debug;
		};
		84FB932B2A58E682008BD6BD /* Release */ = {
			isa = XCBuildConfiguration;
			baseConfigurationReference = 36AD4DE4C1913A9021BA04E4 /* Pods-CocoaaPodsApp.release.xcconfig */;
			buildSettings = {
				ASSETCATALOG_COMPILER_APPICON_NAME = AppIcon;
				ASSETCATALOG_COMPILER_GLOBAL_ACCENT_COLOR_NAME = AccentColor;
				CODE_SIGN_STYLE = Automatic;
				CURRENT_PROJECT_VERSION = 1;
				GENERATE_INFOPLIST_FILE = YES;
				INFOPLIST_FILE = CocoaaPodsApp/Info.plist;
				INFOPLIST_KEY_UIApplicationSupportsIndirectInputEvents = YES;
				INFOPLIST_KEY_UILaunchStoryboardName = LaunchScreen;
				INFOPLIST_KEY_UIMainStoryboardFile = Main;
				INFOPLIST_KEY_UISupportedInterfaceOrientations_iPad = "UIInterfaceOrientationPortrait UIInterfaceOrientationPortraitUpsideDown UIInterfaceOrientationLandscapeLeft UIInterfaceOrientationLandscapeRight";
				INFOPLIST_KEY_UISupportedInterfaceOrientations_iPhone = "UIInterfaceOrientationPortrait UIInterfaceOrientationLandscapeLeft UIInterfaceOrientationLandscapeRight";
				LD_RUNPATH_SEARCH_PATHS = (
					"$(inherited)",
					"@executable_path/Frameworks",
				);
				MARKETING_VERSION = 1.0;
				PRODUCT_BUNDLE_IDENTIFIER = com.Elkomey.CocoaaPodsApp;
				PRODUCT_NAME = "$(TARGET_NAME)";
				SWIFT_EMIT_LOC_STRINGS = YES;
				SWIFT_VERSION = 5.0;
				TARGETED_DEVICE_FAMILY = "1,2";
			};
			name = Release;
		};
/* End XCBuildConfiguration section */

/* Begin XCConfigurationList section */
		84FB93102A58E67F008BD6BD /* Build configuration list for PBXProject "CocoaaPodsApp" */ = {
			isa = XCConfigurationList;
			buildConfigurations = (
				84FB93272A58E682008BD6BD /* Debug */,
				84FB93282A58E682008BD6BD /* Release */,
			);
			defaultConfigurationIsVisible = 0;
			defaultConfigurationName = Release;
		};
		84FB93292A58E682008BD6BD /* Build configuration list for PBXNativeTarget "CocoaaPodsApp" */ = {
			isa = XCConfigurationList;
			buildConfigurations = (
				84FB932A2A58E682008BD6BD /* Debug */,
				84FB932B2A58E682008BD6BD /* Release */,
			);
			defaultConfigurationIsVisible = 0;
			defaultConfigurationName = Release;
		};
/* End XCConfigurationList section */
	};
	rootObject = 84FB930D2A58E67F008BD6BD /* Project object */;
}
